
Microsoft Visual Studio Solution File, Format Version 12.00
# Visual Studio Version 16
VisualStudioVersion = 16.0.29709.97
MinimumVisualStudioVersion = 10.0.40219.1
Project("{FAE04EC0-301F-11D3-BF4B-00C04F79EFBC}") = "Azubi", "Azubi.csproj", "{93668393-67E0-467D-AA64-9A058FC765B5}"
EndProject
Global
	GlobalSection(SolutionConfigurationPlatforms) = preSolution
		Debug|Any CPU = Debug|Any CPU
		Release|Any CPU = Release|Any CPU
	EndGlobalSection
	GlobalSection(ProjectConfigurationPlatforms) = postSolution
		{93668393-67E0-467D-AA64-9A058FC765B5}.Debug|Any CPU.ActiveCfg = Debug|Any CPU
		{93668393-67E0-467D-AA64-9A058FC765B5}.Debug|Any CPU.Build.0 = Debug|Any CPU
		{93668393-67E0-467D-AA64-9A058FC765B5}.Release|Any CPU.ActiveCfg = Release|Any CPU
		{93668393-67E0-467D-AA64-9A058FC765B5}.Release|Any CPU.Build.0 = Release|Any CPU
	EndGlobalSection
	GlobalSection(SolutionProperties) = preSolution
		HideSolutionNode = FALSE
	EndGlobalSection
	GlobalSection(ExtensibilityGlobals) = postSolution
		SolutionGuid = {7A6BCF5F-0DA3-4431-BD8B-38A39407EAB1}
	EndGlobalSection
EndGlobal
